
Microsoft Visual Studio Solution File, Format Version 12.00
# Visual Studio Version 16
VisualStudioVersion = 16.0.31005.135
MinimumVisualStudioVersion = 10.0.40219.1
Project("{FAE04EC0-301F-11D3-BF4B-00C04F79EFBC}") = "C183027_Project1", "C183027_Project1\C183027_Project1.csproj", "{07659A92-8B52-4C61-B99B-BE074E5A8CA6}"
EndProject
Global
	GlobalSection(SolutionConfigurationPlatforms) = preSolution
		Debug|Any CPU = Debug|Any CPU
		Release|Any CPU = Release|Any CPU
	EndGlobalSection
	GlobalSection(ProjectConfigurationPlatforms) = postSolution
		{07659A92-8B52-4C61-B99B-BE074E5A8CA6}.Debug|Any CPU.ActiveCfg = Debug|Any CPU
		{07659A92-8B52-4C61-B99B-BE074E5A8CA6}.Debug|Any CPU.Build.0 = Debug|Any CPU
		{07659A92-8B52-4C61-B99B-BE074E5A8CA6}.Release|Any CPU.ActiveCfg = Release|Any CPU
		{07659A92-8B52-4C61-B99B-BE074E5A8CA6}.Release|Any CPU.Build.0 = Release|Any CPU
	EndGlobalSection
	GlobalSection(SolutionProperties) = preSolution
		HideSolutionNode = FALSE
	EndGlobalSection
	GlobalSection(ExtensibilityGlobals) = postSolution
		SolutionGuid = {3082F317-4B75-47C5-82AC-144ABC9BD874}
	EndGlobalSection
EndGlobal
